
Microsoft Visual Studio Solution File, Format Version 12.00
# Visual Studio 14
VisualStudioVersion = 14.0.23107.0
MinimumVisualStudioVersion = 10.0.40219.1
Project("{FAE04EC0-301F-11D3-BF4B-00C04F79EFBC}") = "Test.Consumer", "test\Test.Consumer\Test.Consumer.csproj", "{8748AF18-8222-4708-BCFB-F39CA50E0F92}"
EndProject
Project("{FAE04EC0-301F-11D3-BF4B-00C04F79EFBC}") = "Test.Producer", "test\Test.Producer\Test.Producer.csproj", "{74056D3B-B715-4D64-BC36-0807F1C468E9}"
EndProject
Project("{FAE04EC0-301F-11D3-BF4B-00C04F79EFBC}") = "Kafka.Basic", "src\Kafka.Basic\Kafka.Basic.csproj", "{5B0923FC-BF89-43D8-A3D7-1DEE71DBD26D}"
EndProject
Project("{FAE04EC0-301F-11D3-BF4B-00C04F79EFBC}") = "Kafka.Basic.Test", "test\Kafka.basic.Test\Kafka.Basic.Test.csproj", "{401F186E-24A9-4F27-AF9B-630CEFEAD211}"
EndProject
Global
	GlobalSection(SolutionConfigurationPlatforms) = preSolution
		Debug|Any CPU = Debug|Any CPU
		Release|Any CPU = Release|Any CPU
	EndGlobalSection
	GlobalSection(ProjectConfigurationPlatforms) = postSolution
		{8748AF18-8222-4708-BCFB-F39CA50E0F92}.Debug|Any CPU.ActiveCfg = Debug|Any CPU
		{8748AF18-8222-4708-BCFB-F39CA50E0F92}.Debug|Any CPU.Build.0 = Debug|Any CPU
		{8748AF18-8222-4708-BCFB-F39CA50E0F92}.Release|Any CPU.ActiveCfg = Release|Any CPU
		{8748AF18-8222-4708-BCFB-F39CA50E0F92}.Release|Any CPU.Build.0 = Release|Any CPU
		{74056D3B-B715-4D64-BC36-0807F1C468E9}.Debug|Any CPU.ActiveCfg = Debug|Any CPU
		{74056D3B-B715-4D64-BC36-0807F1C468E9}.Debug|Any CPU.Build.0 = Debug|Any CPU
		{74056D3B-B715-4D64-BC36-0807F1C468E9}.Release|Any CPU.ActiveCfg = Release|Any CPU
		{74056D3B-B715-4D64-BC36-0807F1C468E9}.Release|Any CPU.Build.0 = Release|Any CPU
		{5B0923FC-BF89-43D8-A3D7-1DEE71DBD26D}.Debug|Any CPU.ActiveCfg = Debug|Any CPU
		{5B0923FC-BF89-43D8-A3D7-1DEE71DBD26D}.Debug|Any CPU.Build.0 = Debug|Any CPU
		{5B0923FC-BF89-43D8-A3D7-1DEE71DBD26D}.Release|Any CPU.ActiveCfg = Release|Any CPU
		{5B0923FC-BF89-43D8-A3D7-1DEE71DBD26D}.Release|Any CPU.Build.0 = Release|Any CPU
		{401F186E-24A9-4F27-AF9B-630CEFEAD211}.Debug|Any CPU.ActiveCfg = Debug|Any CPU
		{401F186E-24A9-4F27-AF9B-630CEFEAD211}.Debug|Any CPU.Build.0 = Debug|Any CPU
		{401F186E-24A9-4F27-AF9B-630CEFEAD211}.Release|Any CPU.ActiveCfg = Release|Any CPU
		{401F186E-24A9-4F27-AF9B-630CEFEAD211}.Release|Any CPU.Build.0 = Release|Any CPU
	EndGlobalSection
	GlobalSection(SolutionProperties) = preSolution
		HideSolutionNode = FALSE
	EndGlobalSection
EndGlobal
